// !$*UTF8*$!
{
	archiveVersion = 1;
	classes = {
	};
	objectVersion = 50;
	objects = {

/* Begin PBXBuildFile section */
		015B21D55B8D2A05E4EBC63F /* Pods_RxSwiftStudy.framework in Frameworks */ = {isa = PBXBuildFile; fileRef = AA37878ED087359FB2FCAAD4 /* Pods_RxSwiftStudy.framework */; };
		44065DBC019C62D9562C9A78 /* Pods_RxSwiftStudyTests.framework in Frameworks */ = {isa = PBXBuildFile; fileRef = 0674EFFD453A05E6F8F72952 /* Pods_RxSwiftStudyTests.framework */; };
		A1F0872D95DFF23E90A5534F /* Pods_RxSwiftStudyUITests.framework in Frameworks */ = {isa = PBXBuildFile; fileRef = F08FE16FB852C93299956452 /* Pods_RxSwiftStudyUITests.framework */; };
		FC191B0F209C0FB7005ED87D /* AppDelegate.swift in Sources */ = {isa = PBXBuildFile; fileRef = FC191B0E209C0FB7005ED87D /* AppDelegate.swift */; };
		FC191B11209C0FB7005ED87D /* ViewController.swift in Sources */ = {isa = PBXBuildFile; fileRef = FC191B10209C0FB7005ED87D /* ViewController.swift */; };
		FC191B14209C0FB7005ED87D /* Main.storyboard in Resources */ = {isa = PBXBuildFile; fileRef = FC191B12209C0FB7005ED87D /* Main.storyboard */; };
		FC191B16209C0FB7005ED87D /* Assets.xcassets in Resources */ = {isa = PBXBuildFile; fileRef = FC191B15209C0FB7005ED87D /* Assets.xcassets */; };
		FC191B19209C0FB7005ED87D /* LaunchScreen.storyboard in Resources */ = {isa = PBXBuildFile; fileRef = FC191B17209C0FB7005ED87D /* LaunchScreen.storyboard */; };
		FC191B24209C0FB7005ED87D /* RxSwiftStudyTests.swift in Sources */ = {isa = PBXBuildFile; fileRef = FC191B23209C0FB7005ED87D /* RxSwiftStudyTests.swift */; };
		FC191B2F209C0FB7005ED87D /* RxSwiftStudyUITests.swift in Sources */ = {isa = PBXBuildFile; fileRef = FC191B2E209C0FB7005ED87D /* RxSwiftStudyUITests.swift */; };
		FC191B3E209C104C005ED87D /* MusicListViewModel.swift in Sources */ = {isa = PBXBuildFile; fileRef = FC191B3D209C104C005ED87D /* MusicListViewModel.swift */; };
		FC191B40209C1096005ED87D /* RxCocoa.framework in Frameworks */ = {isa = PBXBuildFile; fileRef = FC191B3F209C1096005ED87D /* RxCocoa.framework */; };
		FC191B42209C1096005ED87D /* RxSwift.framework in Frameworks */ = {isa = PBXBuildFile; fileRef = FC191B41209C1096005ED87D /* RxSwift.framework */; };
		FC191B45209C111E005ED87D /* Music.swift in Sources */ = {isa = PBXBuildFile; fileRef = FC191B44209C111E005ED87D /* Music.swift */; };
		FC191B47209C38A2005ED87D /* Tool.swift in Sources */ = {isa = PBXBuildFile; fileRef = FC191B46209C38A2005ED87D /* Tool.swift */; };
		FC779D0A20C4E7DE007ECF93 /* MainVC.swift in Sources */ = {isa = PBXBuildFile; fileRef = FC779D0920C4E7DE007ECF93 /* MainVC.swift */; };
		FC779D0C20C50DB5007ECF93 /* SecondVC.swift in Sources */ = {isa = PBXBuildFile; fileRef = FC779D0B20C50DB5007ECF93 /* SecondVC.swift */; };
		FC779D0E20C5363F007ECF93 /* MoyaVC.swift in Sources */ = {isa = PBXBuildFile; fileRef = FC779D0D20C5363F007ECF93 /* MoyaVC.swift */; };
		FCB17D9A20C0D8E4003CAFF1 /* Operators.swift in Sources */ = {isa = PBXBuildFile; fileRef = FCB17D9920C0D8E4003CAFF1 /* Operators.swift */; };
/* End PBXBuildFile section */

/* Begin PBXContainerItemProxy section */
		FC191B20209C0FB7005ED87D /* PBXContainerItemProxy */ = {
			isa = PBXContainerItemProxy;
			containerPortal = FC191B03209C0FB6005ED87D /* Project object */;
			proxyType = 1;
			remoteGlobalIDString = FC191B0A209C0FB7005ED87D;
			remoteInfo = RxSwiftStudy;
		};
		FC191B2B209C0FB7005ED87D /* PBXContainerItemProxy */ = {
			isa = PBXContainerItemProxy;
			containerPortal = FC191B03209C0FB6005ED87D /* Project object */;
			proxyType = 1;
			remoteGlobalIDString = FC191B0A209C0FB7005ED87D;
			remoteInfo = RxSwiftStudy;
		};
/* End PBXContainerItemProxy section */

/* Begin PBXFileReference section */
		0674EFFD453A05E6F8F72952 /* Pods_RxSwiftStudyTests.framework */ = {isa = PBXFileReference; explicitFileType = wrapper.framework; includeInIndex = 0; path = Pods_RxSwiftStudyTests.framework; sourceTree = BUILT_PRODUCTS_DIR; };
		57BCE281A00ED17F9DA46325 /* Pods-RxSwiftStudyTests.release.xcconfig */ = {isa = PBXFileReference; includeInIndex = 1; lastKnownFileType = text.xcconfig; name = "Pods-RxSwiftStudyTests.release.xcconfig"; path = "Pods/Target Support Files/Pods-RxSwiftStudyTests/Pods-RxSwiftStudyTests.release.xcconfig"; sourceTree = "<group>"; };
		77832E5229AE3E9D4920FF46 /* Pods-RxSwiftStudyUITests.release.xcconfig */ = {isa = PBXFileReference; includeInIndex = 1; lastKnownFileType = text.xcconfig; name = "Pods-RxSwiftStudyUITests.release.xcconfig"; path = "Pods/Target Support Files/Pods-RxSwiftStudyUITests/Pods-RxSwiftStudyUITests.release.xcconfig"; sourceTree = "<group>"; };
		AA37878ED087359FB2FCAAD4 /* Pods_RxSwiftStudy.framework */ = {isa = PBXFileReference; explicitFileType = wrapper.framework; includeInIndex = 0; path = Pods_RxSwiftStudy.framework; sourceTree = BUILT_PRODUCTS_DIR; };
		C8DBB87F07EF08AD0C3C4E83 /* Pods-RxSwiftStudy.debug.xcconfig */ = {isa = PBXFileReference; includeInIndex = 1; lastKnownFileType = text.xcconfig; name = "Pods-RxSwiftStudy.debug.xcconfig"; path = "Pods/Target Support Files/Pods-RxSwiftStudy/Pods-RxSwiftStudy.debug.xcconfig"; sourceTree = "<group>"; };
		D2C51C2434D82BC0ECC3E211 /* Pods-RxSwiftStudyUITests.debug.xcconfig */ = {isa = PBXFileReference; includeInIndex = 1; lastKnownFileType = text.xcconfig; name = "Pods-RxSwiftStudyUITests.debug.xcconfig"; path = "Pods/Target Support Files/Pods-RxSwiftStudyUITests/Pods-RxSwiftStudyUITests.debug.xcconfig"; sourceTree = "<group>"; };
		E204AFBB9B6FCBC16159FF93 /* Pods-RxSwiftStudyTests.debug.xcconfig */ = {isa = PBXFileReference; includeInIndex = 1; lastKnownFileType = text.xcconfig; name = "Pods-RxSwiftStudyTests.debug.xcconfig"; path = "Pods/Target Support Files/Pods-RxSwiftStudyTests/Pods-RxSwiftStudyTests.debug.xcconfig"; sourceTree = "<group>"; };
		F08FE16FB852C93299956452 /* Pods_RxSwiftStudyUITests.framework */ = {isa = PBXFileReference; explicitFileType = wrapper.framework; includeInIndex = 0; path = Pods_RxSwiftStudyUITests.framework; sourceTree = BUILT_PRODUCTS_DIR; };
		F0E3068C21838773C2856746 /* Pods-RxSwiftStudy.release.xcconfig */ = {isa = PBXFileReference; includeInIndex = 1; lastKnownFileType = text.xcconfig; name = "Pods-RxSwiftStudy.release.xcconfig"; path = "Pods/Target Support Files/Pods-RxSwiftStudy/Pods-RxSwiftStudy.release.xcconfig"; sourceTree = "<group>"; };
		FC191B0B209C0FB7005ED87D /* RxSwiftStudy.app */ = {isa = PBXFileReference; explicitFileType = wrapper.application; includeInIndex = 0; path = RxSwiftStudy.app; sourceTree = BUILT_PRODUCTS_DIR; };
		FC191B0E209C0FB7005ED87D /* AppDelegate.swift */ = {isa = PBXFileReference; lastKnownFileType = sourcecode.swift; path = AppDelegate.swift; sourceTree = "<group>"; };
		FC191B10209C0FB7005ED87D /* ViewController.swift */ = {isa = PBXFileReference; lastKnownFileType = sourcecode.swift; path = ViewController.swift; sourceTree = "<group>"; };
		FC191B13209C0FB7005ED87D /* Base */ = {isa = PBXFileReference; lastKnownFileType = file.storyboard; name = Base; path = Base.lproj/Main.storyboard; sourceTree = "<group>"; };
		FC191B15209C0FB7005ED87D /* Assets.xcassets */ = {isa = PBXFileReference; lastKnownFileType = folder.assetcatalog; path = Assets.xcassets; sourceTree = "<group>"; };
		FC191B18209C0FB7005ED87D /* Base */ = {isa = PBXFileReference; lastKnownFileType = file.storyboard; name = Base; path = Base.lproj/LaunchScreen.storyboard; sourceTree = "<group>"; };
		FC191B1A209C0FB7005ED87D /* Info.plist */ = {isa = PBXFileReference; lastKnownFileType = text.plist.xml; path = Info.plist; sourceTree = "<group>"; };
		FC191B1F209C0FB7005ED87D /* RxSwiftStudyTests.xctest */ = {isa = PBXFileReference; explicitFileType = wrapper.cfbundle; includeInIndex = 0; path = RxSwiftStudyTests.xctest; sourceTree = BUILT_PRODUCTS_DIR; };
		FC191B23209C0FB7005ED87D /* RxSwiftStudyTests.swift */ = {isa = PBXFileReference; lastKnownFileType = sourcecode.swift; path = RxSwiftStudyTests.swift; sourceTree = "<group>"; };
		FC191B25209C0FB7005ED87D /* Info.plist */ = {isa = PBXFileReference; lastKnownFileType = text.plist.xml; path = Info.plist; sourceTree = "<group>"; };
		FC191B2A209C0FB7005ED87D /* RxSwiftStudyUITests.xctest */ = {isa = PBXFileReference; explicitFileType = wrapper.cfbundle; includeInIndex = 0; path = RxSwiftStudyUITests.xctest; sourceTree = BUILT_PRODUCTS_DIR; };
		FC191B2E209C0FB7005ED87D /* RxSwiftStudyUITests.swift */ = {isa = PBXFileReference; lastKnownFileType = sourcecode.swift; path = RxSwiftStudyUITests.swift; sourceTree = "<group>"; };
		FC191B30209C0FB7005ED87D /* Info.plist */ = {isa = PBXFileReference; lastKnownFileType = text.plist.xml; path = Info.plist; sourceTree = "<group>"; };
		FC191B3D209C104C005ED87D /* MusicListViewModel.swift */ = {isa = PBXFileReference; lastKnownFileType = sourcecode.swift; path = MusicListViewModel.swift; sourceTree = "<group>"; };
		FC191B3F209C1096005ED87D /* RxCocoa.framework */ = {isa = PBXFileReference; explicitFileType = wrapper.framework; path = RxCocoa.framework; sourceTree = BUILT_PRODUCTS_DIR; };
		FC191B41209C1096005ED87D /* RxSwift.framework */ = {isa = PBXFileReference; explicitFileType = wrapper.framework; path = RxSwift.framework; sourceTree = BUILT_PRODUCTS_DIR; };
		FC191B44209C111E005ED87D /* Music.swift */ = {isa = PBXFileReference; lastKnownFileType = sourcecode.swift; path = Music.swift; sourceTree = "<group>"; };
		FC191B46209C38A2005ED87D /* Tool.swift */ = {isa = PBXFileReference; lastKnownFileType = sourcecode.swift; path = Tool.swift; sourceTree = "<group>"; };
		FC779D0920C4E7DE007ECF93 /* MainVC.swift */ = {isa = PBXFileReference; lastKnownFileType = sourcecode.swift; path = MainVC.swift; sourceTree = "<group>"; };
		FC779D0B20C50DB5007ECF93 /* SecondVC.swift */ = {isa = PBXFileReference; lastKnownFileType = sourcecode.swift; path = SecondVC.swift; sourceTree = "<group>"; };
		FC779D0D20C5363F007ECF93 /* MoyaVC.swift */ = {isa = PBXFileReference; lastKnownFileType = sourcecode.swift; path = MoyaVC.swift; sourceTree = "<group>"; };
		FCB17D9920C0D8E4003CAFF1 /* Operators.swift */ = {isa = PBXFileReference; fileEncoding = 4; lastKnownFileType = sourcecode.swift; path = Operators.swift; sourceTree = "<group>"; };
/* End PBXFileReference section */

/* Begin PBXFrameworksBuildPhase section */
		FC191B08209C0FB7005ED87D /* Frameworks */ = {
			isa = PBXFrameworksBuildPhase;
			buildActionMask = 2147483647;
			files = (
				FC191B40209C1096005ED87D /* RxCocoa.framework in Frameworks */,
				FC191B42209C1096005ED87D /* RxSwift.framework in Frameworks */,
				015B21D55B8D2A05E4EBC63F /* Pods_RxSwiftStudy.framework in Frameworks */,
			);
			runOnlyForDeploymentPostprocessing = 0;
		};
		FC191B1C209C0FB7005ED87D /* Frameworks */ = {
			isa = PBXFrameworksBuildPhase;
			buildActionMask = 2147483647;
			files = (
				44065DBC019C62D9562C9A78 /* Pods_RxSwiftStudyTests.framework in Frameworks */,
			);
			runOnlyForDeploymentPostprocessing = 0;
		};
		FC191B27209C0FB7005ED87D /* Frameworks */ = {
			isa = PBXFrameworksBuildPhase;
			buildActionMask = 2147483647;
			files = (
				A1F0872D95DFF23E90A5534F /* Pods_RxSwiftStudyUITests.framework in Frameworks */,
			);
			runOnlyForDeploymentPostprocessing = 0;
		};
/* End PBXFrameworksBuildPhase section */

/* Begin PBXGroup section */
		9938F7336C54E9B867B96785 /* Frameworks */ = {
			isa = PBXGroup;
			children = (
				FC191B3F209C1096005ED87D /* RxCocoa.framework */,
				FC191B41209C1096005ED87D /* RxSwift.framework */,
				AA37878ED087359FB2FCAAD4 /* Pods_RxSwiftStudy.framework */,
				0674EFFD453A05E6F8F72952 /* Pods_RxSwiftStudyTests.framework */,
				F08FE16FB852C93299956452 /* Pods_RxSwiftStudyUITests.framework */,
			);
			name = Frameworks;
			sourceTree = "<group>";
		};
		A92061AE8EB27152BCA6C4BD /* Pods */ = {
			isa = PBXGroup;
			children = (
				C8DBB87F07EF08AD0C3C4E83 /* Pods-RxSwiftStudy.debug.xcconfig */,
				F0E3068C21838773C2856746 /* Pods-RxSwiftStudy.release.xcconfig */,
				E204AFBB9B6FCBC16159FF93 /* Pods-RxSwiftStudyTests.debug.xcconfig */,
				57BCE281A00ED17F9DA46325 /* Pods-RxSwiftStudyTests.release.xcconfig */,
				D2C51C2434D82BC0ECC3E211 /* Pods-RxSwiftStudyUITests.debug.xcconfig */,
				77832E5229AE3E9D4920FF46 /* Pods-RxSwiftStudyUITests.release.xcconfig */,
			);
			name = Pods;
			sourceTree = "<group>";
		};
		FC191B02209C0FB6005ED87D = {
			isa = PBXGroup;
			children = (
				FC191B0D209C0FB7005ED87D /* RxSwiftStudy */,
				FC191B22209C0FB7005ED87D /* RxSwiftStudyTests */,
				FC191B2D209C0FB7005ED87D /* RxSwiftStudyUITests */,
				FC191B0C209C0FB7005ED87D /* Products */,
				A92061AE8EB27152BCA6C4BD /* Pods */,
				9938F7336C54E9B867B96785 /* Frameworks */,
			);
			sourceTree = "<group>";
		};
		FC191B0C209C0FB7005ED87D /* Products */ = {
			isa = PBXGroup;
			children = (
				FC191B0B209C0FB7005ED87D /* RxSwiftStudy.app */,
				FC191B1F209C0FB7005ED87D /* RxSwiftStudyTests.xctest */,
				FC191B2A209C0FB7005ED87D /* RxSwiftStudyUITests.xctest */,
			);
			name = Products;
			sourceTree = "<group>";
		};
		FC191B0D209C0FB7005ED87D /* RxSwiftStudy */ = {
			isa = PBXGroup;
			children = (
				FC191B43209C1109005ED87D /* M */,
				FC191B3C209C102C005ED87D /* VM */,
				FC191B0E209C0FB7005ED87D /* AppDelegate.swift */,
				FC779D0920C4E7DE007ECF93 /* MainVC.swift */,
				FC191B10209C0FB7005ED87D /* ViewController.swift */,
				FC779D0B20C50DB5007ECF93 /* SecondVC.swift */,
				FC779D0D20C5363F007ECF93 /* MoyaVC.swift */,
				FC191B12209C0FB7005ED87D /* Main.storyboard */,
				FC191B15209C0FB7005ED87D /* Assets.xcassets */,
				FC191B17209C0FB7005ED87D /* LaunchScreen.storyboard */,
				FC191B1A209C0FB7005ED87D /* Info.plist */,
				FC191B46209C38A2005ED87D /* Tool.swift */,
				FCB17D9920C0D8E4003CAFF1 /* Operators.swift */,
			);
			path = RxSwiftStudy;
			sourceTree = "<group>";
		};
		FC191B22209C0FB7005ED87D /* RxSwiftStudyTests */ = {
			isa = PBXGroup;
			children = (
				FC191B23209C0FB7005ED87D /* RxSwiftStudyTests.swift */,
				FC191B25209C0FB7005ED87D /* Info.plist */,
			);
			path = RxSwiftStudyTests;
			sourceTree = "<group>";
		};
		FC191B2D209C0FB7005ED87D /* RxSwiftStudyUITests */ = {
			isa = PBXGroup;
			children = (
				FC191B2E209C0FB7005ED87D /* RxSwiftStudyUITests.swift */,
				FC191B30209C0FB7005ED87D /* Info.plist */,
			);
			path = RxSwiftStudyUITests;
			sourceTree = "<group>";
		};
		FC191B3C209C102C005ED87D /* VM */ = {
			isa = PBXGroup;
			children = (
				FC191B3D209C104C005ED87D /* MusicListViewModel.swift */,
			);
			path = VM;
			sourceTree = "<group>";
		};
		FC191B43209C1109005ED87D /* M */ = {
			isa = PBXGroup;
			children = (
				FC191B44209C111E005ED87D /* Music.swift */,
			);
			path = M;
			sourceTree = "<group>";
		};
/* End PBXGroup section */

/* Begin PBXNativeTarget section */
		FC191B0A209C0FB7005ED87D /* RxSwiftStudy */ = {
			isa = PBXNativeTarget;
			buildConfigurationList = FC191B33209C0FB7005ED87D /* Build configuration list for PBXNativeTarget "RxSwiftStudy" */;
			buildPhases = (
				452A275FA92312243037D646 /* [CP] Check Pods Manifest.lock */,
				FC191B07209C0FB7005ED87D /* Sources */,
				FC191B08209C0FB7005ED87D /* Frameworks */,
				FC191B09209C0FB7005ED87D /* Resources */,
				F70696774FFDB1B1DEF1F551 /* [CP] Embed Pods Frameworks */,
			);
			buildRules = (
			);
			dependencies = (
			);
			name = RxSwiftStudy;
			productName = RxSwiftStudy;
			productReference = FC191B0B209C0FB7005ED87D /* RxSwiftStudy.app */;
			productType = "com.apple.product-type.application";
		};
		FC191B1E209C0FB7005ED87D /* RxSwiftStudyTests */ = {
			isa = PBXNativeTarget;
			buildConfigurationList = FC191B36209C0FB7005ED87D /* Build configuration list for PBXNativeTarget "RxSwiftStudyTests" */;
			buildPhases = (
				C4E3ED3B3AE6A093125AB791 /* [CP] Check Pods Manifest.lock */,
				FC191B1B209C0FB7005ED87D /* Sources */,
				FC191B1C209C0FB7005ED87D /* Frameworks */,
				FC191B1D209C0FB7005ED87D /* Resources */,
			);
			buildRules = (
			);
			dependencies = (
				FC191B21209C0FB7005ED87D /* PBXTargetDependency */,
			);
			name = RxSwiftStudyTests;
			productName = RxSwiftStudyTests;
			productReference = FC191B1F209C0FB7005ED87D /* RxSwiftStudyTests.xctest */;
			productType = "com.apple.product-type.bundle.unit-test";
		};
		FC191B29209C0FB7005ED87D /* RxSwiftStudyUITests */ = {
			isa = PBXNativeTarget;
			buildConfigurationList = FC191B39209C0FB7005ED87D /* Build configuration list for PBXNativeTarget "RxSwiftStudyUITests" */;
			buildPhases = (
				BFF87EE6D4D54B038DDA7CAA /* [CP] Check Pods Manifest.lock */,
				FC191B26209C0FB7005ED87D /* Sources */,
				FC191B27209C0FB7005ED87D /* Frameworks */,
				FC191B28209C0FB7005ED87D /* Resources */,
			);
			buildRules = (
			);
			dependencies = (
				FC191B2C209C0FB7005ED87D /* PBXTargetDependency */,
			);
			name = RxSwiftStudyUITests;
			productName = RxSwiftStudyUITests;
			productReference = FC191B2A209C0FB7005ED87D /* RxSwiftStudyUITests.xctest */;
			productType = "com.apple.product-type.bundle.ui-testing";
		};
/* End PBXNativeTarget section */

/* Begin PBXProject section */
		FC191B03209C0FB6005ED87D /* Project object */ = {
			isa = PBXProject;
			attributes = {
				LastSwiftUpdateCheck = 0930;
				LastUpgradeCheck = 0930;
				ORGANIZATIONNAME = fengsong;
				TargetAttributes = {
					FC191B0A209C0FB7005ED87D = {
						CreatedOnToolsVersion = 9.3;
					};
					FC191B1E209C0FB7005ED87D = {
						CreatedOnToolsVersion = 9.3;
						TestTargetID = FC191B0A209C0FB7005ED87D;
					};
					FC191B29209C0FB7005ED87D = {
						CreatedOnToolsVersion = 9.3;
						TestTargetID = FC191B0A209C0FB7005ED87D;
					};
				};
			};
			buildConfigurationList = FC191B06209C0FB6005ED87D /* Build configuration list for PBXProject "RxSwiftStudy" */;
			compatibilityVersion = "Xcode 9.3";
			developmentRegion = en;
			hasScannedForEncodings = 0;
			knownRegions = (
				en,
				Base,
			);
			mainGroup = FC191B02209C0FB6005ED87D;
			productRefGroup = FC191B0C209C0FB7005ED87D /* Products */;
			projectDirPath = "";
			projectRoot = "";
			targets = (
				FC191B0A209C0FB7005ED87D /* RxSwiftStudy */,
				FC191B1E209C0FB7005ED87D /* RxSwiftStudyTests */,
				FC191B29209C0FB7005ED87D /* RxSwiftStudyUITests */,
			);
		};
/* End PBXProject section */

/* Begin PBXResourcesBuildPhase section */
		FC191B09209C0FB7005ED87D /* Resources */ = {
			isa = PBXResourcesBuildPhase;
			buildActionMask = 2147483647;
			files = (
				FC191B19209C0FB7005ED87D /* LaunchScreen.storyboard in Resources */,
				FC191B16209C0FB7005ED87D /* Assets.xcassets in Resources */,
				FC191B14209C0FB7005ED87D /* Main.storyboard in Resources */,
			);
			runOnlyForDeploymentPostprocessing = 0;
		};
		FC191B1D209C0FB7005ED87D /* Resources */ = {
			isa = PBXResourcesBuildPhase;
			buildActionMask = 2147483647;
			files = (
			);
			runOnlyForDeploymentPostprocessing = 0;
		};
		FC191B28209C0FB7005ED87D /* Resources */ = {
			isa = PBXResourcesBuildPhase;
			buildActionMask = 2147483647;
			files = (
			);
			runOnlyForDeploymentPostprocessing = 0;
		};
/* End PBXResourcesBuildPhase section */

/* Begin PBXShellScriptBuildPhase section */
		452A275FA92312243037D646 /* [CP] Check Pods Manifest.lock */ = {
			isa = PBXShellScriptBuildPhase;
			buildActionMask = 2147483647;
			files = (
			);
			inputPaths = (
				"${PODS_PODFILE_DIR_PATH}/Podfile.lock",
				"${PODS_ROOT}/Manifest.lock",
			);
			name = "[CP] Check Pods Manifest.lock";
			outputPaths = (
				"$(DERIVED_FILE_DIR)/Pods-RxSwiftStudy-checkManifestLockResult.txt",
			);
			runOnlyForDeploymentPostprocessing = 0;
			shellPath = /bin/sh;
			shellScript = "diff \"${PODS_PODFILE_DIR_PATH}/Podfile.lock\" \"${PODS_ROOT}/Manifest.lock\" > /dev/null\nif [ $? != 0 ] ; then\n    # print error to STDERR\n    echo \"error: The sandbox is not in sync with the Podfile.lock. Run 'pod install' or update your CocoaPods installation.\" >&2\n    exit 1\nfi\n# This output is used by Xcode 'outputs' to avoid re-running this script phase.\necho \"SUCCESS\" > \"${SCRIPT_OUTPUT_FILE_0}\"\n";
			showEnvVarsInLog = 0;
		};
		BFF87EE6D4D54B038DDA7CAA /* [CP] Check Pods Manifest.lock */ = {
			isa = PBXShellScriptBuildPhase;
			buildActionMask = 2147483647;
			files = (
			);
			inputPaths = (
				"${PODS_PODFILE_DIR_PATH}/Podfile.lock",
				"${PODS_ROOT}/Manifest.lock",
			);
			name = "[CP] Check Pods Manifest.lock";
			outputPaths = (
				"$(DERIVED_FILE_DIR)/Pods-RxSwiftStudyUITests-checkManifestLockResult.txt",
			);
			runOnlyForDeploymentPostprocessing = 0;
			shellPath = /bin/sh;
			shellScript = "diff \"${PODS_PODFILE_DIR_PATH}/Podfile.lock\" \"${PODS_ROOT}/Manifest.lock\" > /dev/null\nif [ $? != 0 ] ; then\n    # print error to STDERR\n    echo \"error: The sandbox is not in sync with the Podfile.lock. Run 'pod install' or update your CocoaPods installation.\" >&2\n    exit 1\nfi\n# This output is used by Xcode 'outputs' to avoid re-running this script phase.\necho \"SUCCESS\" > \"${SCRIPT_OUTPUT_FILE_0}\"\n";
			showEnvVarsInLog = 0;
		};
		C4E3ED3B3AE6A093125AB791 /* [CP] Check Pods Manifest.lock */ = {
			isa = PBXShellScriptBuildPhase;
			buildActionMask = 2147483647;
			files = (
			);
			inputPaths = (
				"${PODS_PODFILE_DIR_PATH}/Podfile.lock",
				"${PODS_ROOT}/Manifest.lock",
			);
			name = "[CP] Check Pods Manifest.lock";
			outputPaths = (
				"$(DERIVED_FILE_DIR)/Pods-RxSwiftStudyTests-checkManifestLockResult.txt",
			);
			runOnlyForDeploymentPostprocessing = 0;
			shellPath = /bin/sh;
			shellScript = "diff \"${PODS_PODFILE_DIR_PATH}/Podfile.lock\" \"${PODS_ROOT}/Manifest.lock\" > /dev/null\nif [ $? != 0 ] ; then\n    # print error to STDERR\n    echo \"error: The sandbox is not in sync with the Podfile.lock. Run 'pod install' or update your CocoaPods installation.\" >&2\n    exit 1\nfi\n# This output is used by Xcode 'outputs' to avoid re-running this script phase.\necho \"SUCCESS\" > \"${SCRIPT_OUTPUT_FILE_0}\"\n";
			showEnvVarsInLog = 0;
		};
		F70696774FFDB1B1DEF1F551 /* [CP] Embed Pods Frameworks */ = {
			isa = PBXShellScriptBuildPhase;
			buildActionMask = 2147483647;
			files = (
			);
			inputPaths = (
				"${SRCROOT}/Pods/Target Support Files/Pods-RxSwiftStudy/Pods-RxSwiftStudy-frameworks.sh",
				"${BUILT_PRODUCTS_DIR}/Alamofire/Alamofire.framework",
				"${BUILT_PRODUCTS_DIR}/Differentiator/Differentiator.framework",
				"${BUILT_PRODUCTS_DIR}/Moya/Moya.framework",
				"${BUILT_PRODUCTS_DIR}/Moya-ObjectMapper/Moya_ObjectMapper.framework",
				"${BUILT_PRODUCTS_DIR}/ObjectMapper/ObjectMapper.framework",
				"${BUILT_PRODUCTS_DIR}/Result/Result.framework",
				"${BUILT_PRODUCTS_DIR}/RxCocoa/RxCocoa.framework",
				"${BUILT_PRODUCTS_DIR}/RxDataSources/RxDataSources.framework",
				"${BUILT_PRODUCTS_DIR}/RxSwift/RxSwift.framework",
				"${BUILT_PRODUCTS_DIR}/SnapKit/SnapKit.framework",
			);
			name = "[CP] Embed Pods Frameworks";
			outputPaths = (
				"${TARGET_BUILD_DIR}/${FRAMEWORKS_FOLDER_PATH}/Alamofire.framework",
				"${TARGET_BUILD_DIR}/${FRAMEWORKS_FOLDER_PATH}/Differentiator.framework",
				"${TARGET_BUILD_DIR}/${FRAMEWORKS_FOLDER_PATH}/Moya.framework",
				"${TARGET_BUILD_DIR}/${FRAMEWORKS_FOLDER_PATH}/Moya_ObjectMapper.framework",
				"${TARGET_BUILD_DIR}/${FRAMEWORKS_FOLDER_PATH}/ObjectMapper.framework",
				"${TARGET_BUILD_DIR}/${FRAMEWORKS_FOLDER_PATH}/Result.framework",
				"${TARGET_BUILD_DIR}/${FRAMEWORKS_FOLDER_PATH}/RxCocoa.framework",
				"${TARGET_BUILD_DIR}/${FRAMEWORKS_FOLDER_PATH}/RxDataSources.framework",
				"${TARGET_BUILD_DIR}/${FRAMEWORKS_FOLDER_PATH}/RxSwift.framework",
				"${TARGET_BUILD_DIR}/${FRAMEWORKS_FOLDER_PATH}/SnapKit.framework",
			);
			runOnlyForDeploymentPostprocessing = 0;
			shellPath = /bin/sh;
			shellScript = "\"${SRCROOT}/Pods/Target Support Files/Pods-RxSwiftStudy/Pods-RxSwiftStudy-frameworks.sh\"\n";
			showEnvVarsInLog = 0;
		};
/* End PBXShellScriptBuildPhase section */

/* Begin PBXSourcesBuildPhase section */
		FC191B07209C0FB7005ED87D /* Sources */ = {
			isa = PBXSourcesBuildPhase;
			buildActionMask = 2147483647;
			files = (
				FC191B11209C0FB7005ED87D /* ViewController.swift in Sources */,
				FC191B0F209C0FB7005ED87D /* AppDelegate.swift in Sources */,
				FC779D0E20C5363F007ECF93 /* MoyaVC.swift in Sources */,
				FC191B3E209C104C005ED87D /* MusicListViewModel.swift in Sources */,
				FC191B47209C38A2005ED87D /* Tool.swift in Sources */,
				FC191B45209C111E005ED87D /* Music.swift in Sources */,
				FCB17D9A20C0D8E4003CAFF1 /* Operators.swift in Sources */,
				FC779D0C20C50DB5007ECF93 /* SecondVC.swift in Sources */,
				FC779D0A20C4E7DE007ECF93 /* MainVC.swift in Sources */,
			);
			runOnlyForDeploymentPostprocessing = 0;
		};
		FC191B1B209C0FB7005ED87D /* Sources */ = {
			isa = PBXSourcesBuildPhase;
			buildActionMask = 2147483647;
			files = (
				FC191B24209C0FB7005ED87D /* RxSwiftStudyTests.swift in Sources */,
			);
			runOnlyForDeploymentPostprocessing = 0;
		};
		FC191B26209C0FB7005ED87D /* Sources */ = {
			isa = PBXSourcesBuildPhase;
			buildActionMask = 2147483647;
			files = (
				FC191B2F209C0FB7005ED87D /* RxSwiftStudyUITests.swift in Sources */,
			);
			runOnlyForDeploymentPostprocessing = 0;
		};
/* End PBXSourcesBuildPhase section */

/* Begin PBXTargetDependency section */
		FC191B21209C0FB7005ED87D /* PBXTargetDependency */ = {
			isa = PBXTargetDependency;
			target = FC191B0A209C0FB7005ED87D /* RxSwiftStudy */;
			targetProxy = FC191B20209C0FB7005ED87D /* PBXContainerItemProxy */;
		};
		FC191B2C209C0FB7005ED87D /* PBXTargetDependency */ = {
			isa = PBXTargetDependency;
			target = FC191B0A209C0FB7005ED87D /* RxSwiftStudy */;
			targetProxy = FC191B2B209C0FB7005ED87D /* PBXContainerItemProxy */;
		};
/* End PBXTargetDependency section */

/* Begin PBXVariantGroup section */
		FC191B12209C0FB7005ED87D /* Main.storyboard */ = {
			isa = PBXVariantGroup;
			children = (
				FC191B13209C0FB7005ED87D /* Base */,
			);
			name = Main.storyboard;
			sourceTree = "<group>";
		};
		FC191B17209C0FB7005ED87D /* LaunchScreen.storyboard */ = {
			isa = PBXVariantGroup;
			children = (
				FC191B18209C0FB7005ED87D /* Base */,
			);
			name = LaunchScreen.storyboard;
			sourceTree = "<group>";
		};
/* End PBXVariantGroup section */

/* Begin XCBuildConfiguration section */
		FC191B31209C0FB7005ED87D /* Debug */ = {
			isa = XCBuildConfiguration;
			buildSettings = {
				ALWAYS_SEARCH_USER_PATHS = NO;
				CLANG_ANALYZER_NONNULL = YES;
				CLANG_ANALYZER_NUMBER_OBJECT_CONVERSION = YES_AGGRESSIVE;
				CLANG_CXX_LANGUAGE_STANDARD = "gnu++14";
				CLANG_CXX_LIBRARY = "libc++";
				CLANG_ENABLE_MODULES = YES;
				CLANG_ENABLE_OBJC_ARC = YES;
				CLANG_ENABLE_OBJC_WEAK = YES;
				CLANG_WARN_BLOCK_CAPTURE_AUTORELEASING = YES;
				CLANG_WARN_BOOL_CONVERSION = YES;
				CLANG_WARN_COMMA = YES;
				CLANG_WARN_CONSTANT_CONVERSION = YES;
				CLANG_WARN_DEPRECATED_OBJC_IMPLEMENTATIONS = YES;
				CLANG_WARN_DIRECT_OBJC_ISA_USAGE = YES_ERROR;
				CLANG_WARN_DOCUMENTATION_COMMENTS = YES;
				CLANG_WARN_EMPTY_BODY = YES;
				CLANG_WARN_ENUM_CONVERSION = YES;
				CLANG_WARN_INFINITE_RECURSION = YES;
				CLANG_WARN_INT_CONVERSION = YES;
				CLANG_WARN_NON_LITERAL_NULL_CONVERSION = YES;
				CLANG_WARN_OBJC_IMPLICIT_RETAIN_SELF = YES;
				CLANG_WARN_OBJC_LITERAL_CONVERSION = YES;
				CLANG_WARN_OBJC_ROOT_CLASS = YES_ERROR;
				CLANG_WARN_RANGE_LOOP_ANALYSIS = YES;
				CLANG_WARN_STRICT_PROTOTYPES = YES;
				CLANG_WARN_SUSPICIOUS_MOVE = YES;
				CLANG_WARN_UNGUARDED_AVAILABILITY = YES_AGGRESSIVE;
				CLANG_WARN_UNREACHABLE_CODE = YES;
				CLANG_WARN__DUPLICATE_METHOD_MATCH = YES;
				CODE_SIGN_IDENTITY = "iPhone Developer";
				COPY_PHASE_STRIP = NO;
				DEBUG_INFORMATION_FORMAT = dwarf;
				ENABLE_STRICT_OBJC_MSGSEND = YES;
				ENABLE_TESTABILITY = YES;
				GCC_C_LANGUAGE_STANDARD = gnu11;
				GCC_DYNAMIC_NO_PIC = NO;
				GCC_NO_COMMON_BLOCKS = YES;
				GCC_OPTIMIZATION_LEVEL = 0;
				GCC_PREPROCESSOR_DEFINITIONS = (
					"DEBUG=1",
					"$(inherited)",
				);
				GCC_WARN_64_TO_32_BIT_CONVERSION = YES;
				GCC_WARN_ABOUT_RETURN_TYPE = YES_ERROR;
				GCC_WARN_UNDECLARED_SELECTOR = YES;
				GCC_WARN_UNINITIALIZED_AUTOS = YES_AGGRESSIVE;
				GCC_WARN_UNUSED_FUNCTION = YES;
				GCC_WARN_UNUSED_VARIABLE = YES;
				IPHONEOS_DEPLOYMENT_TARGET = 11.3;
				MTL_ENABLE_DEBUG_INFO = YES;
				ONLY_ACTIVE_ARCH = YES;
				SDKROOT = iphoneos;
				SWIFT_ACTIVE_COMPILATION_CONDITIONS = DEBUG;
				SWIFT_OPTIMIZATION_LEVEL = "-Onone";
			};
			name = Debug;
		};
		FC191B32209C0FB7005ED87D /* Release */ = {
			isa = XCBuildConfiguration;
			buildSettings = {
				ALWAYS_SEARCH_USER_PATHS = NO;
				CLANG_ANALYZER_NONNULL = YES;
				CLANG_ANALYZER_NUMBER_OBJECT_CONVERSION = YES_AGGRESSIVE;
				CLANG_CXX_LANGUAGE_STANDARD = "gnu++14";
				CLANG_CXX_LIBRARY = "libc++";
				CLANG_ENABLE_MODULES = YES;
				CLANG_ENABLE_OBJC_ARC = YES;
				CLANG_ENABLE_OBJC_WEAK = YES;
				CLANG_WARN_BLOCK_CAPTURE_AUTORELEASING = YES;
				CLANG_WARN_BOOL_CONVERSION = YES;
				CLANG_WARN_COMMA = YES;
				CLANG_WARN_CONSTANT_CONVERSION = YES;
				CLANG_WARN_DEPRECATED_OBJC_IMPLEMENTATIONS = YES;
				CLANG_WARN_DIRECT_OBJC_ISA_USAGE = YES_ERROR;
				CLANG_WARN_DOCUMENTATION_COMMENTS = YES;
				CLANG_WARN_EMPTY_BODY = YES;
				CLANG_WARN_ENUM_CONVERSION = YES;
				CLANG_WARN_INFINITE_RECURSION = YES;
				CLANG_WARN_INT_CONVERSION = YES;
				CLANG_WARN_NON_LITERAL_NULL_CONVERSION = YES;
				CLANG_WARN_OBJC_IMPLICIT_RETAIN_SELF = YES;
				CLANG_WARN_OBJC_LITERAL_CONVERSION = YES;
				CLANG_WARN_OBJC_ROOT_CLASS = YES_ERROR;
				CLANG_WARN_RANGE_LOOP_ANALYSIS = YES;
				CLANG_WARN_STRICT_PROTOTYPES = YES;
				CLANG_WARN_SUSPICIOUS_MOVE = YES;
				CLANG_WARN_UNGUARDED_AVAILABILITY = YES_AGGRESSIVE;
				CLANG_WARN_UNREACHABLE_CODE = YES;
				CLANG_WARN__DUPLICATE_METHOD_MATCH = YES;
				CODE_SIGN_IDENTITY = "iPhone Developer";
				COPY_PHASE_STRIP = NO;
				DEBUG_INFORMATION_FORMAT = "dwarf-with-dsym";
				ENABLE_NS_ASSERTIONS = NO;
				ENABLE_STRICT_OBJC_MSGSEND = YES;
				GCC_C_LANGUAGE_STANDARD = gnu11;
				GCC_NO_COMMON_BLOCKS = YES;
				GCC_WARN_64_TO_32_BIT_CONVERSION = YES;
				GCC_WARN_ABOUT_RETURN_TYPE = YES_ERROR;
				GCC_WARN_UNDECLARED_SELECTOR = YES;
				GCC_WARN_UNINITIALIZED_AUTOS = YES_AGGRESSIVE;
				GCC_WARN_UNUSED_FUNCTION = YES;
				GCC_WARN_UNUSED_VARIABLE = YES;
				IPHONEOS_DEPLOYMENT_TARGET = 11.3;
				MTL_ENABLE_DEBUG_INFO = NO;
				SDKROOT = iphoneos;
				SWIFT_COMPILATION_MODE = wholemodule;
				SWIFT_OPTIMIZATION_LEVEL = "-O";
				VALIDATE_PRODUCT = YES;
			};
			name = Release;
		};
		FC191B34209C0FB7005ED87D /* Debug */ = {
			isa = XCBuildConfiguration;
			baseConfigurationReference = C8DBB87F07EF08AD0C3C4E83 /* Pods-RxSwiftStudy.debug.xcconfig */;
			buildSettings = {
				ASSETCATALOG_COMPILER_APPICON_NAME = AppIcon;
				CODE_SIGN_STYLE = Automatic;
				DEVELOPMENT_TEAM = 436G22W3WB;
				INFOPLIST_FILE = RxSwiftStudy/Info.plist;
				IPHONEOS_DEPLOYMENT_TARGET = 9.0;
				LD_RUNPATH_SEARCH_PATHS = "$(inherited) @executable_path/Frameworks";
				PRODUCT_BUNDLE_IDENTIFIER = com.fengsong.RxSwiftStudy;
				PRODUCT_NAME = "$(TARGET_NAME)";
				SWIFT_VERSION = 4.0;
				TARGETED_DEVICE_FAMILY = "1,2";
			};
			name = Debug;
		};
		FC191B35209C0FB7005ED87D /* Release */ = {
			isa = XCBuildConfiguration;
			baseConfigurationReference = F0E3068C21838773C2856746 /* Pods-RxSwiftStudy.release.xcconfig */;
			buildSettings = {
				ASSETCATALOG_COMPILER_APPICON_NAME = AppIcon;
				CODE_SIGN_STYLE = Automatic;
				DEVELOPMENT_TEAM = 436G22W3WB;
				INFOPLIST_FILE = RxSwiftStudy/Info.plist;
				IPHONEOS_DEPLOYMENT_TARGET = 9.0;
				LD_RUNPATH_SEARCH_PATHS = "$(inherited) @executable_path/Frameworks";
				PRODUCT_BUNDLE_IDENTIFIER = com.fengsong.RxSwiftStudy;
				PRODUCT_NAME = "$(TARGET_NAME)";
				SWIFT_VERSION = 4.0;
				TARGETED_DEVICE_FAMILY = "1,2";
			};
			name = Release;
		};
		FC191B37209C0FB7005ED87D /* Debug */ = {
			isa = XCBuildConfiguration;
			baseConfigurationReference = E204AFBB9B6FCBC16159FF93 /* Pods-RxSwiftStudyTests.debug.xcconfig */;
			buildSettings = {
				ALWAYS_EMBED_SWIFT_STANDARD_LIBRARIES = YES;
				BUNDLE_LOADER = "$(TEST_HOST)";
				CODE_SIGN_STYLE = Automatic;
				DEVELOPMENT_TEAM = 436G22W3WB;
				INFOPLIST_FILE = RxSwiftStudyTests/Info.plist;
				LD_RUNPATH_SEARCH_PATHS = "$(inherited) @executable_path/Frameworks @loader_path/Frameworks";
				PRODUCT_BUNDLE_IDENTIFIER = com.fengsong.RxSwiftStudyTests;
				PRODUCT_NAME = "$(TARGET_NAME)";
				SWIFT_VERSION = 4.0;
				TARGETED_DEVICE_FAMILY = "1,2";
				TEST_HOST = "$(BUILT_PRODUCTS_DIR)/RxSwiftStudy.app/RxSwiftStudy";
			};
			name = Debug;
		};
		FC191B38209C0FB7005ED87D /* Release */ = {
			isa = XCBuildConfiguration;
			baseConfigurationReference = 57BCE281A00ED17F9DA46325 /* Pods-RxSwiftStudyTests.release.xcconfig */;
			buildSettings = {
				ALWAYS_EMBED_SWIFT_STANDARD_LIBRARIES = YES;
				BUNDLE_LOADER = "$(TEST_HOST)";
				CODE_SIGN_STYLE = Automatic;
				DEVELOPMENT_TEAM = 436G22W3WB;
				INFOPLIST_FILE = RxSwiftStudyTests/Info.plist;
				LD_RUNPATH_SEARCH_PATHS = "$(inherited) @executable_path/Frameworks @loader_path/Frameworks";
				PRODUCT_BUNDLE_IDENTIFIER = com.fengsong.RxSwiftStudyTests;
				PRODUCT_NAME = "$(TARGET_NAME)";
				SWIFT_VERSION = 4.0;
				TARGETED_DEVICE_FAMILY = "1,2";
				TEST_HOST = "$(BUILT_PRODUCTS_DIR)/RxSwiftStudy.app/RxSwiftStudy";
			};
			name = Release;
		};
		FC191B3A209C0FB7005ED87D /* Debug */ = {
			isa = XCBuildConfiguration;
			baseConfigurationReference = D2C51C2434D82BC0ECC3E211 /* Pods-RxSwiftStudyUITests.debug.xcconfig */;
			buildSettings = {
				ALWAYS_EMBED_SWIFT_STANDARD_LIBRARIES = YES;
				CODE_SIGN_STYLE = Automatic;
				DEVELOPMENT_TEAM = 436G22W3WB;
				INFOPLIST_FILE = RxSwiftStudyUITests/Info.plist;
				LD_RUNPATH_SEARCH_PATHS = "$(inherited) @executable_path/Frameworks @loader_path/Frameworks";
				PRODUCT_BUNDLE_IDENTIFIER = com.fengsong.RxSwiftStudyUITests;
				PRODUCT_NAME = "$(TARGET_NAME)";
				SWIFT_VERSION = 4.0;
				TARGETED_DEVICE_FAMILY = "1,2";
				TEST_TARGET_NAME = RxSwiftStudy;
			};
			name = Debug;
		};
		FC191B3B209C0FB7005ED87D /* Release */ = {
			isa = XCBuildConfiguration;
			baseConfigurationReference = 77832E5229AE3E9D4920FF46 /* Pods-RxSwiftStudyUITests.release.xcconfig */;
			buildSettings = {
				ALWAYS_EMBED_SWIFT_STANDARD_LIBRARIES = YES;
				CODE_SIGN_STYLE = Automatic;
				DEVELOPMENT_TEAM = 436G22W3WB;
				INFOPLIST_FILE = RxSwiftStudyUITests/Info.plist;
				LD_RUNPATH_SEARCH_PATHS = "$(inherited) @executable_path/Frameworks @loader_path/Frameworks";
				PRODUCT_BUNDLE_IDENTIFIER = com.fengsong.RxSwiftStudyUITests;
				PRODUCT_NAME = "$(TARGET_NAME)";
				SWIFT_VERSION = 4.0;
				TARGETED_DEVICE_FAMILY = "1,2";
				TEST_TARGET_NAME = RxSwiftStudy;
			};
			name = Release;
		};
/* End XCBuildConfiguration section */

/* Begin XCConfigurationList section */
		FC191B06209C0FB6005ED87D /* Build configuration list for PBXProject "RxSwiftStudy" */ = {
			isa = XCConfigurationList;
			buildConfigurations = (
				FC191B31209C0FB7005ED87D /* Debug */,
				FC191B32209C0FB7005ED87D /* Release */,
			);
			defaultConfigurationIsVisible = 0;
			defaultConfigurationName = Release;
		};
		FC191B33209C0FB7005ED87D /* Build configuration list for PBXNativeTarget "RxSwiftStudy" */ = {
			isa = XCConfigurationList;
			buildConfigurations = (
				FC191B34209C0FB7005ED87D /* Debug */,
				FC191B35209C0FB7005ED87D /* Release */,
			);
			defaultConfigurationIsVisible = 0;
			defaultConfigurationName = Release;
		};
		FC191B36209C0FB7005ED87D /* Build configuration list for PBXNativeTarget "RxSwiftStudyTests" */ = {
			isa = XCConfigurationList;
			buildConfigurations = (
				FC191B37209C0FB7005ED87D /* Debug */,
				FC191B38209C0FB7005ED87D /* Release */,
			);
			defaultConfigurationIsVisible = 0;
			defaultConfigurationName = Release;
		};
		FC191B39209C0FB7005ED87D /* Build configuration list for PBXNativeTarget "RxSwiftStudyUITests" */ = {
			isa = XCConfigurationList;
			buildConfigurations = (
				FC191B3A209C0FB7005ED87D /* Debug */,
				FC191B3B209C0FB7005ED87D /* Release */,
			);
			defaultConfigurationIsVisible = 0;
			defaultConfigurationName = Release;
		};
/* End XCConfigurationList section */
	};
	rootObject = FC191B03209C0FB6005ED87D /* Project object */;
}
